{
    "lockfile_version": "1.0",
    "created_at": "2025-11-24T14:15:37.962479-08:00",
    "invocation": {
        "command": "tb",
        "args": [
            "run",
            "--dataset-path",
            "./terminal-bench/tasks",
            "--agent-import-path",
            "recovery_bench.replay_agent:ReplayAgent",
            "--model",
            "gpt-5",
            "--n-concurrent",
            "1",
            "--global-timeout-multiplier",
            "1.0",
            "--local-registry-path",
            "./registry.json",
            "--run-id",
            "replay-gpt-5-savepoints-1764022521",
            "--cleanup",
            "--task-id",
            "aimo-airline-departures",
            "--task-id",
            "attention-mil",
            "--task-id",
            "build-initramfs-qemu",
            "--task-id",
            "build-tcc-qemu",
            "--task-id",
            "cartpole-rl-training",
            "--task-id",
            "chem-property-targeting",
            "--task-id",
            "chess-best-move",
            "--task-id",
            "classifier-debug",
            "--task-id",
            "cobol-modernization",
            "--task-id",
            "conda-env-conflict-resolution",
            "--task-id",
            "configure-git-webserver",
            "--task-id",
            "count-dataset-tokens",
            "--task-id",
            "crack-7z-hash",
            "--task-id",
            "cron-broken-network",
            "--task-id",
            "cross-entropy-method",
            "--task-id",
            "decommissioning-service-with-sensitive-data",
            "--task-id",
            "download-youtube",
            "--task-id",
            "enemy-grid-escape",
            "--task-id",
            "extract-elf",
            "--task-id",
            "feal-differential-cryptanalysis",
            "--task-id",
            "feal-linear-cryptanalysis",
            "--task-id",
            "form-filling",
            "--task-id",
            "get-bitcoin-nodes",
            "--task-id",
            "git-workflow-hack",
            "--task-id",
            "gpt2-codegolf",
            "--task-id",
            "grid-pattern-transform",
            "--task-id",
            "hf-model-inference",
            "--task-id",
            "incompatible-python-fasttext",
            "--task-id",
            "install-windows-xp",
            "--task-id",
            "intrusion-detection",
            "--task-id",
            "kv-store-grpc",
            "--task-id",
            "make-doom-for-mips",
            "--task-id",
            "make-mips-interpreter",
            "--task-id",
            "mlflow-register",
            "--task-id",
            "neuron-to-jaxley-conversion",
            "--task-id",
            "nginx-request-logging",
            "--task-id",
            "openssl-selfsigned-cert",
            "--task-id",
            "organization-json-generator",
            "--task-id",
            "pandas-etl",
            "--task-id",
            "parallel-particle-simulator",
            "--task-id",
            "parallelize-graph",
            "--task-id",
            "path-tracing-reverse",
            "--task-id",
            "pcap-to-netflow",
            "--task-id",
            "polyglot-c-py",
            "--task-id",
            "polyglot-rust-c",
            "--task-id",
            "processing-pipeline",
            "--task-id",
            "pytorch-model-recovery",
            "--task-id",
            "qemu-startup",
            "--task-id",
            "raman-fitting",
            "--task-id",
            "sanitize-git-repo",
            "--task-id",
            "simple-web-scraper",
            "--task-id",
            "solve-maze-challenge",
            "--task-id",
            "sqlite-db-truncate",
            "--task-id",
            "stable-parallel-kmeans",
            "--task-id",
            "swe-bench-astropy-1",
            "--task-id",
            "swe-bench-fsspec",
            "--task-id",
            "train-fasttext",
            "--task-id",
            "word2vec-from-scratch",
            "--task-id",
            "write-compressor"
        ]
    },
    "harness": {
        "package": "terminal-bench",
        "version": "0.2.15",
        "is_editable_installation": true
    },
    "agent": {
        "name": "replay-agent",
        "import_path": "recovery_bench.replay_agent:ReplayAgent",
        "model_name": "gpt-5",
        "extra_kwargs": {
            "no_rebuild": false,
            "model_name": "gpt-5"
        }
    },
    "run_config": {
        "log_level": "info",
        "livestream": false,
        "n_concurrent_trials": 1,
        "n_attempts": 1,
        "no_rebuild": false,
        "cleanup": true,
        "global_timeout_multiplier": 1.0,
        "global_agent_timeout_sec": null,
        "global_test_timeout_sec": null
    },
    "dataset": {
        "name": null,
        "version": null,
        "local_path": "/home/eecs/shriyaanarayanan/recovery-bench/terminal-bench/tasks",
        "task_ids": [
            "install-windows-xp",
            "parallelize-graph",
            "stable-parallel-kmeans",
            "enemy-grid-escape",
            "feal-differential-cryptanalysis",
            "feal-linear-cryptanalysis",
            "swe-bench-astropy-1",
            "conda-env-conflict-resolution",
            "word2vec-from-scratch",
            "solve-maze-challenge",
            "swe-bench-fsspec",
            "train-fasttext",
            "incompatible-python-fasttext",
            "attention-mil",
            "neuron-to-jaxley-conversion",
            "grid-pattern-transform",
            "chem-property-targeting",
            "cross-entropy-method",
            "count-dataset-tokens",
            "path-tracing-reverse",
            "qemu-startup",
            "download-youtube",
            "aimo-airline-departures",
            "cron-broken-network",
            "intrusion-detection",
            "pytorch-model-recovery",
            "get-bitcoin-nodes",
            "extract-elf",
            "parallel-particle-simulator",
            "polyglot-rust-c",
            "polyglot-c-py",
            "pcap-to-netflow",
            "cartpole-rl-training",
            "crack-7z-hash",
            "cobol-modernization",
            "pandas-etl",
            "nginx-request-logging",
            "git-workflow-hack",
            "organization-json-generator",
            "gpt2-codegolf",
            "decommissioning-service-with-sensitive-data",
            "chess-best-move",
            "write-compressor",
            "build-tcc-qemu",
            "build-initramfs-qemu",
            "make-doom-for-mips",
            "processing-pipeline",
            "classifier-debug",
            "hf-model-inference",
            "mlflow-register",
            "configure-git-webserver",
            "sanitize-git-repo",
            "make-mips-interpreter",
            "sqlite-db-truncate",
            "simple-web-scraper",
            "kv-store-grpc",
            "openssl-selfsigned-cert",
            "raman-fitting",
            "form-filling"
        ],
        "registry_url": null,
        "local_registry_path": "/home/eecs/shriyaanarayanan/recovery-bench/registry.json"
    }
}